
Microsoft Visual Studio Solution File, Format Version 12.00
# Visual Studio 15
VisualStudioVersion = 15.0.27130.2024
MinimumVisualStudioVersion = 10.0.40219.1
Project("{FAE04EC0-301F-11D3-BF4B-00C04F79EFBC}") = "Problem 1 Count Real Numbers", "Problem 1 Count Real Numbers\Problem 1 Count Real Numbers.csproj", "{E348E5E4-7B7B-43D1-82E7-94555DA348FF}"
EndProject
Project("{FAE04EC0-301F-11D3-BF4B-00C04F79EFBC}") = "Problem 2 Odd Occurrences", "Problem 2 Odd Occurrences\Problem 2 Odd Occurrences.csproj", "{4C2D7450-6F3C-4D8F-A142-3AEF17BF5BC5}"
EndProject
Project("{FAE04EC0-301F-11D3-BF4B-00C04F79EFBC}") = "Problem 3 Min, Max, Sum, Average", "Problem 3 Min, Max, Sum, Average\Problem 3 Min, Max, Sum, Average.csproj", "{BA77F8EC-BF79-4810-8404-87EAA69B06D8}"
EndProject
Project("{FAE04EC0-301F-11D3-BF4B-00C04F79EFBC}") = "Problem 4 Largest 3 Numbers", "Problem 4 Largest 3 Numbers\Problem 4 Largest 3 Numbers.csproj", "{46B3359F-69F1-4232-9C9D-E24FAD6FAA77}"
EndProject
Project("{FAE04EC0-301F-11D3-BF4B-00C04F79EFBC}") = "Problem 5 Short Words Sorted", "Problem 5 Short Words Sorted\Problem 5 Short Words Sorted.csproj", "{99841677-82D0-4A19-8CFC-28A9A094737B}"
EndProject
Project("{FAE04EC0-301F-11D3-BF4B-00C04F79EFBC}") = "Problem 6 Fold and Sum", "Problem 6 Fold and Sum\Problem 6 Fold and Sum.csproj", "{FA4E28BD-5C2D-42E8-A604-5FC62AB0D081}"
EndProject
Global
	GlobalSection(SolutionConfigurationPlatforms) = preSolution
		Debug|Any CPU = Debug|Any CPU
		Release|Any CPU = Release|Any CPU
	EndGlobalSection
	GlobalSection(ProjectConfigurationPlatforms) = postSolution
		{E348E5E4-7B7B-43D1-82E7-94555DA348FF}.Debug|Any CPU.ActiveCfg = Debug|Any CPU
		{E348E5E4-7B7B-43D1-82E7-94555DA348FF}.Debug|Any CPU.Build.0 = Debug|Any CPU
		{E348E5E4-7B7B-43D1-82E7-94555DA348FF}.Release|Any CPU.ActiveCfg = Release|Any CPU
		{E348E5E4-7B7B-43D1-82E7-94555DA348FF}.Release|Any CPU.Build.0 = Release|Any CPU
		{4C2D7450-6F3C-4D8F-A142-3AEF17BF5BC5}.Debug|Any CPU.ActiveCfg = Debug|Any CPU
		{4C2D7450-6F3C-4D8F-A142-3AEF17BF5BC5}.Debug|Any CPU.Build.0 = Debug|Any CPU
		{4C2D7450-6F3C-4D8F-A142-3AEF17BF5BC5}.Release|Any CPU.ActiveCfg = Release|Any CPU
		{4C2D7450-6F3C-4D8F-A142-3AEF17BF5BC5}.Release|Any CPU.Build.0 = Release|Any CPU
		{BA77F8EC-BF79-4810-8404-87EAA69B06D8}.Debug|Any CPU.ActiveCfg = Debug|Any CPU
		{BA77F8EC-BF79-4810-8404-87EAA69B06D8}.Debug|Any CPU.Build.0 = Debug|Any CPU
		{BA77F8EC-BF79-4810-8404-87EAA69B06D8}.Release|Any CPU.ActiveCfg = Release|Any CPU
		{BA77F8EC-BF79-4810-8404-87EAA69B06D8}.Release|Any CPU.Build.0 = Release|Any CPU
		{46B3359F-69F1-4232-9C9D-E24FAD6FAA77}.Debug|Any CPU.ActiveCfg = Debug|Any CPU
		{46B3359F-69F1-4232-9C9D-E24FAD6FAA77}.Debug|Any CPU.Build.0 = Debug|Any CPU
		{46B3359F-69F1-4232-9C9D-E24FAD6FAA77}.Release|Any CPU.ActiveCfg = Release|Any CPU
		{46B3359F-69F1-4232-9C9D-E24FAD6FAA77}.Release|Any CPU.Build.0 = Release|Any CPU
		{99841677-82D0-4A19-8CFC-28A9A094737B}.Debug|Any CPU.ActiveCfg = Debug|Any CPU
		{99841677-82D0-4A19-8CFC-28A9A094737B}.Debug|Any CPU.Build.0 = Debug|Any CPU
		{99841677-82D0-4A19-8CFC-28A9A094737B}.Release|Any CPU.ActiveCfg = Release|Any CPU
		{99841677-82D0-4A19-8CFC-28A9A094737B}.Release|Any CPU.Build.0 = Release|Any CPU
		{FA4E28BD-5C2D-42E8-A604-5FC62AB0D081}.Debug|Any CPU.ActiveCfg = Debug|Any CPU
		{FA4E28BD-5C2D-42E8-A604-5FC62AB0D081}.Debug|Any CPU.Build.0 = Debug|Any CPU
		{FA4E28BD-5C2D-42E8-A604-5FC62AB0D081}.Release|Any CPU.ActiveCfg = Release|Any CPU
		{FA4E28BD-5C2D-42E8-A604-5FC62AB0D081}.Release|Any CPU.Build.0 = Release|Any CPU
	EndGlobalSection
	GlobalSection(SolutionProperties) = preSolution
		HideSolutionNode = FALSE
	EndGlobalSection
	GlobalSection(ExtensibilityGlobals) = postSolution
		SolutionGuid = {4FAAA370-99DE-42B1-A6B6-46D9D51E5930}
	EndGlobalSection
EndGlobal
