
Microsoft Visual Studio Solution File, Format Version 12.00
# Visual Studio 15
VisualStudioVersion = 15.0.27130.2024
MinimumVisualStudioVersion = 10.0.40219.1
Project("{FAE04EC0-301F-11D3-BF4B-00C04F79EFBC}") = "Problem 1 Debit Card Number", "Problem 1 Debit Card Number\Problem 1 Debit Card Number.csproj", "{CF1E1544-405B-44D6-A2E0-CD490911E7AA}"
EndProject
Project("{FAE04EC0-301F-11D3-BF4B-00C04F79EFBC}") = "Problem 2 Rectangle Area", "Problem 2 Rectangle Area\Problem 2 Rectangle Area.csproj", "{CA8A32E3-60E4-4E19-B2EC-79D01B8D3205}"
EndProject
Project("{FAE04EC0-301F-11D3-BF4B-00C04F79EFBC}") = "Problem 3 Miles to Kilometers", "Problem 3 Miles to Kilometers\Problem 3 Miles to Kilometers.csproj", "{E590BA1D-7871-4525-82FF-38663FF3BAF2}"
EndProject
Project("{FAE04EC0-301F-11D3-BF4B-00C04F79EFBC}") = "Problem 4 Beverage Labels", "Problem 4 Beverage Labels\Problem 4 Beverage Labels.csproj", "{DAC239D7-46CF-40F3-AF6B-5D564ABEC8A1}"
EndProject
Project("{FAE04EC0-301F-11D3-BF4B-00C04F79EFBC}") = "Problem 5 Character Stats", "Problem 5 Character Stats\Problem 5 Character Stats.csproj", "{9CE6F256-7C8A-43EA-B336-96E12D6561C3}"
EndProject
Global
	GlobalSection(SolutionConfigurationPlatforms) = preSolution
		Debug|Any CPU = Debug|Any CPU
		Release|Any CPU = Release|Any CPU
	EndGlobalSection
	GlobalSection(ProjectConfigurationPlatforms) = postSolution
		{CF1E1544-405B-44D6-A2E0-CD490911E7AA}.Debug|Any CPU.ActiveCfg = Debug|Any CPU
		{CF1E1544-405B-44D6-A2E0-CD490911E7AA}.Debug|Any CPU.Build.0 = Debug|Any CPU
		{CF1E1544-405B-44D6-A2E0-CD490911E7AA}.Release|Any CPU.ActiveCfg = Release|Any CPU
		{CF1E1544-405B-44D6-A2E0-CD490911E7AA}.Release|Any CPU.Build.0 = Release|Any CPU
		{CA8A32E3-60E4-4E19-B2EC-79D01B8D3205}.Debug|Any CPU.ActiveCfg = Debug|Any CPU
		{CA8A32E3-60E4-4E19-B2EC-79D01B8D3205}.Debug|Any CPU.Build.0 = Debug|Any CPU
		{CA8A32E3-60E4-4E19-B2EC-79D01B8D3205}.Release|Any CPU.ActiveCfg = Release|Any CPU
		{CA8A32E3-60E4-4E19-B2EC-79D01B8D3205}.Release|Any CPU.Build.0 = Release|Any CPU
		{E590BA1D-7871-4525-82FF-38663FF3BAF2}.Debug|Any CPU.ActiveCfg = Debug|Any CPU
		{E590BA1D-7871-4525-82FF-38663FF3BAF2}.Debug|Any CPU.Build.0 = Debug|Any CPU
		{E590BA1D-7871-4525-82FF-38663FF3BAF2}.Release|Any CPU.ActiveCfg = Release|Any CPU
		{E590BA1D-7871-4525-82FF-38663FF3BAF2}.Release|Any CPU.Build.0 = Release|Any CPU
		{DAC239D7-46CF-40F3-AF6B-5D564ABEC8A1}.Debug|Any CPU.ActiveCfg = Debug|Any CPU
		{DAC239D7-46CF-40F3-AF6B-5D564ABEC8A1}.Debug|Any CPU.Build.0 = Debug|Any CPU
		{DAC239D7-46CF-40F3-AF6B-5D564ABEC8A1}.Release|Any CPU.ActiveCfg = Release|Any CPU
		{DAC239D7-46CF-40F3-AF6B-5D564ABEC8A1}.Release|Any CPU.Build.0 = Release|Any CPU
		{9CE6F256-7C8A-43EA-B336-96E12D6561C3}.Debug|Any CPU.ActiveCfg = Debug|Any CPU
		{9CE6F256-7C8A-43EA-B336-96E12D6561C3}.Debug|Any CPU.Build.0 = Debug|Any CPU
		{9CE6F256-7C8A-43EA-B336-96E12D6561C3}.Release|Any CPU.ActiveCfg = Release|Any CPU
		{9CE6F256-7C8A-43EA-B336-96E12D6561C3}.Release|Any CPU.Build.0 = Release|Any CPU
	EndGlobalSection
	GlobalSection(SolutionProperties) = preSolution
		HideSolutionNode = FALSE
	EndGlobalSection
	GlobalSection(ExtensibilityGlobals) = postSolution
		SolutionGuid = {54CF21F2-2F1A-450E-9013-A81A5720C6D8}
	EndGlobalSection
EndGlobal
