
Microsoft Visual Studio Solution File, Format Version 12.00
# Visual Studio 15
VisualStudioVersion = 15.0.27130.2024
MinimumVisualStudioVersion = 10.0.40219.1
Project("{FAE04EC0-301F-11D3-BF4B-00C04F79EFBC}") = "Problem 1 Anonymous Downsite", "Problem 1 Anonymous Downsite\Problem 1 Anonymous Downsite.csproj", "{A5BA7897-C1A7-493C-A24B-5ED7FB84D9D3}"
EndProject
Project("{FAE04EC0-301F-11D3-BF4B-00C04F79EFBC}") = "Problem 2 Hornet Wings", "Problem 2 Hornet Wings\Problem 2 Hornet Wings.csproj", "{43F5AD65-A923-4413-BB9D-A8CFC7E1D0AC}"
EndProject
Project("{FAE04EC0-301F-11D3-BF4B-00C04F79EFBC}") = "Problem 3 Poke Mon", "Problem 3 Poke Mon\Problem 3 Poke Mon.csproj", "{0AB343CA-1EE6-4617-820A-BD172441BD9F}"
EndProject
Project("{FAE04EC0-301F-11D3-BF4B-00C04F79EFBC}") = "Problem 4 Resurrection", "Problem 4 Resurrection\Problem 4 Resurrection.csproj", "{60E478AB-D238-41EB-BFC1-425CCE0F99A1}"
EndProject
Project("{FAE04EC0-301F-11D3-BF4B-00C04F79EFBC}") = "Problem 5 Wormtest", "Problem 5 Wormtest\Problem 5 Wormtest.csproj", "{5448C171-75F0-48E2-B87A-4E1AE7ADA65E}"
EndProject
Global
	GlobalSection(SolutionConfigurationPlatforms) = preSolution
		Debug|Any CPU = Debug|Any CPU
		Release|Any CPU = Release|Any CPU
	EndGlobalSection
	GlobalSection(ProjectConfigurationPlatforms) = postSolution
		{A5BA7897-C1A7-493C-A24B-5ED7FB84D9D3}.Debug|Any CPU.ActiveCfg = Debug|Any CPU
		{A5BA7897-C1A7-493C-A24B-5ED7FB84D9D3}.Debug|Any CPU.Build.0 = Debug|Any CPU
		{A5BA7897-C1A7-493C-A24B-5ED7FB84D9D3}.Release|Any CPU.ActiveCfg = Release|Any CPU
		{A5BA7897-C1A7-493C-A24B-5ED7FB84D9D3}.Release|Any CPU.Build.0 = Release|Any CPU
		{43F5AD65-A923-4413-BB9D-A8CFC7E1D0AC}.Debug|Any CPU.ActiveCfg = Debug|Any CPU
		{43F5AD65-A923-4413-BB9D-A8CFC7E1D0AC}.Debug|Any CPU.Build.0 = Debug|Any CPU
		{43F5AD65-A923-4413-BB9D-A8CFC7E1D0AC}.Release|Any CPU.ActiveCfg = Release|Any CPU
		{43F5AD65-A923-4413-BB9D-A8CFC7E1D0AC}.Release|Any CPU.Build.0 = Release|Any CPU
		{0AB343CA-1EE6-4617-820A-BD172441BD9F}.Debug|Any CPU.ActiveCfg = Debug|Any CPU
		{0AB343CA-1EE6-4617-820A-BD172441BD9F}.Debug|Any CPU.Build.0 = Debug|Any CPU
		{0AB343CA-1EE6-4617-820A-BD172441BD9F}.Release|Any CPU.ActiveCfg = Release|Any CPU
		{0AB343CA-1EE6-4617-820A-BD172441BD9F}.Release|Any CPU.Build.0 = Release|Any CPU
		{60E478AB-D238-41EB-BFC1-425CCE0F99A1}.Debug|Any CPU.ActiveCfg = Debug|Any CPU
		{60E478AB-D238-41EB-BFC1-425CCE0F99A1}.Debug|Any CPU.Build.0 = Debug|Any CPU
		{60E478AB-D238-41EB-BFC1-425CCE0F99A1}.Release|Any CPU.ActiveCfg = Release|Any CPU
		{60E478AB-D238-41EB-BFC1-425CCE0F99A1}.Release|Any CPU.Build.0 = Release|Any CPU
		{5448C171-75F0-48E2-B87A-4E1AE7ADA65E}.Debug|Any CPU.ActiveCfg = Debug|Any CPU
		{5448C171-75F0-48E2-B87A-4E1AE7ADA65E}.Debug|Any CPU.Build.0 = Debug|Any CPU
		{5448C171-75F0-48E2-B87A-4E1AE7ADA65E}.Release|Any CPU.ActiveCfg = Release|Any CPU
		{5448C171-75F0-48E2-B87A-4E1AE7ADA65E}.Release|Any CPU.Build.0 = Release|Any CPU
	EndGlobalSection
	GlobalSection(SolutionProperties) = preSolution
		HideSolutionNode = FALSE
	EndGlobalSection
	GlobalSection(ExtensibilityGlobals) = postSolution
		SolutionGuid = {310DB844-5481-47F0-8C11-EE8A0AE18275}
	EndGlobalSection
EndGlobal
